
Microsoft Visual Studio Solution File, Format Version 12.00
# Visual Studio Version 17
VisualStudioVersion = 17.4.33205.214
MinimumVisualStudioVersion = 10.0.40219.1
Project("{9A19103F-16F7-4668-BE54-9A1E7A4F7556}") = "SampleWebApplication", "SampleWebApplication\SampleWebApplication.csproj", "{FDD0FFA2-B799-48CA-9B53-0588FE572FE4}"
EndProject
Project("{9A19103F-16F7-4668-BE54-9A1E7A4F7556}") = "SampleWeb.Business", "SampleWeb.Business\SampleWeb.Business.csproj", "{9BB9164B-49E8-47CE-9412-AC0C9CAFFBD8}"
EndProject
Project("{9A19103F-16F7-4668-BE54-9A1E7A4F7556}") = "SampleWeb.BusinessTests", "SampleWeb.BusinessTests\SampleWeb.BusinessTests.csproj", "{47505521-FD13-44BA-895D-A96B64F55A51}"
EndProject
Project("{FAE04EC0-301F-11D3-BF4B-00C04F79EFBC}") = "SampleWeb.UtilsTests", "SampleWeb.UtilsTests\SampleWeb.UtilsTests.csproj", "{078565A0-4077-4D68-9331-45CD14FF2639}"
EndProject
Global
	GlobalSection(SolutionConfigurationPlatforms) = preSolution
		Debug|Any CPU = Debug|Any CPU
		Release|Any CPU = Release|Any CPU
	EndGlobalSection
	GlobalSection(ProjectConfigurationPlatforms) = postSolution
		{FDD0FFA2-B799-48CA-9B53-0588FE572FE4}.Debug|Any CPU.ActiveCfg = Debug|Any CPU
		{FDD0FFA2-B799-48CA-9B53-0588FE572FE4}.Debug|Any CPU.Build.0 = Debug|Any CPU
		{FDD0FFA2-B799-48CA-9B53-0588FE572FE4}.Release|Any CPU.ActiveCfg = Release|Any CPU
		{FDD0FFA2-B799-48CA-9B53-0588FE572FE4}.Release|Any CPU.Build.0 = Release|Any CPU
		{9BB9164B-49E8-47CE-9412-AC0C9CAFFBD8}.Debug|Any CPU.ActiveCfg = Debug|Any CPU
		{9BB9164B-49E8-47CE-9412-AC0C9CAFFBD8}.Debug|Any CPU.Build.0 = Debug|Any CPU
		{9BB9164B-49E8-47CE-9412-AC0C9CAFFBD8}.Release|Any CPU.ActiveCfg = Release|Any CPU
		{9BB9164B-49E8-47CE-9412-AC0C9CAFFBD8}.Release|Any CPU.Build.0 = Release|Any CPU
		{47505521-FD13-44BA-895D-A96B64F55A51}.Debug|Any CPU.ActiveCfg = Debug|Any CPU
		{47505521-FD13-44BA-895D-A96B64F55A51}.Debug|Any CPU.Build.0 = Debug|Any CPU
		{47505521-FD13-44BA-895D-A96B64F55A51}.Release|Any CPU.ActiveCfg = Release|Any CPU
		{47505521-FD13-44BA-895D-A96B64F55A51}.Release|Any CPU.Build.0 = Release|Any CPU
		{078565A0-4077-4D68-9331-45CD14FF2639}.Debug|Any CPU.ActiveCfg = Debug|Any CPU
		{078565A0-4077-4D68-9331-45CD14FF2639}.Debug|Any CPU.Build.0 = Debug|Any CPU
		{078565A0-4077-4D68-9331-45CD14FF2639}.Release|Any CPU.ActiveCfg = Release|Any CPU
		{078565A0-4077-4D68-9331-45CD14FF2639}.Release|Any CPU.Build.0 = Release|Any CPU
	EndGlobalSection
	GlobalSection(SolutionProperties) = preSolution
		HideSolutionNode = FALSE
	EndGlobalSection
	GlobalSection(ExtensibilityGlobals) = postSolution
		SolutionGuid = {A8212F54-2153-4952-9164-51510FFD6F86}
	EndGlobalSection
EndGlobal
